// !$*UTF8*$!
{
	archiveVersion = 1;
	classes = {
	};
	objectVersion = 56;
	objects = {

/* Begin PBXBuildFile section */
		8B35546A291A3FFB001D70B3 /* UpcomingViewController.swift in Sources */ = {isa = PBXBuildFile; fileRef = 8B355469291A3FFB001D70B3 /* UpcomingViewController.swift */; };
		8B7FBA002923A98F007A8348 /* HomeViewController.swift in Sources */ = {isa = PBXBuildFile; fileRef = 8B7FB9FF2923A98F007A8348 /* HomeViewController.swift */; };
		8B7FBA022923A99F007A8348 /* UpcomingViewController.swift in Sources */ = {isa = PBXBuildFile; fileRef = 8B7FBA012923A99F007A8348 /* UpcomingViewController.swift */; };
		8B7FBA082923ABE3007A8348 /* DownloadsViewController.swift in Sources */ = {isa = PBXBuildFile; fileRef = 8B7FBA072923ABE3007A8348 /* DownloadsViewController.swift */; };
		8B7FBA0A2923AC1F007A8348 /* SearchViewController.swift in Sources */ = {isa = PBXBuildFile; fileRef = 8B7FBA092923AC1F007A8348 /* SearchViewController.swift */; };
		8BA8EC592918C4DB00F7E246 /* AppDelegate.swift in Sources */ = {isa = PBXBuildFile; fileRef = 8BA8EC582918C4DB00F7E246 /* AppDelegate.swift */; };
		8BA8EC5B2918C4DB00F7E246 /* SceneDelegate.swift in Sources */ = {isa = PBXBuildFile; fileRef = 8BA8EC5A2918C4DB00F7E246 /* SceneDelegate.swift */; };
		8BA8EC5D2918C4DB00F7E246 /* MainTabBarViewController.swift in Sources */ = {isa = PBXBuildFile; fileRef = 8BA8EC5C2918C4DB00F7E246 /* MainTabBarViewController.swift */; };
		8BA8EC622918C4DC00F7E246 /* Assets.xcassets in Resources */ = {isa = PBXBuildFile; fileRef = 8BA8EC612918C4DC00F7E246 /* Assets.xcassets */; };
		8BA8EC652918C4DC00F7E246 /* LaunchScreen.storyboard in Resources */ = {isa = PBXBuildFile; fileRef = 8BA8EC632918C4DC00F7E246 /* LaunchScreen.storyboard */; };
		8BB50A8129266CAD000BA7CB /* HeroHeaderUIView.swift in Sources */ = {isa = PBXBuildFile; fileRef = 8BB50A8029266CAD000BA7CB /* HeroHeaderUIView.swift */; };
		8BD715B9291A7AE500AA10E9 /* CollectionViewTableViewCell.swift in Sources */ = {isa = PBXBuildFile; fileRef = 8BD715B8291A7AE500AA10E9 /* CollectionViewTableViewCell.swift */; };
/* End PBXBuildFile section */

/* Begin PBXFileReference section */
		8B355469291A3FFB001D70B3 /* UpcomingViewController.swift */ = {isa = PBXFileReference; lastKnownFileType = sourcecode.swift; path = UpcomingViewController.swift; sourceTree = "<group>"; };
		8B7FB9FF2923A98F007A8348 /* HomeViewController.swift */ = {isa = PBXFileReference; lastKnownFileType = sourcecode.swift; path = HomeViewController.swift; sourceTree = "<group>"; };
		8B7FBA012923A99F007A8348 /* UpcomingViewController.swift */ = {isa = PBXFileReference; lastKnownFileType = sourcecode.swift; path = UpcomingViewController.swift; sourceTree = "<group>"; };
		8B7FBA072923ABE3007A8348 /* DownloadsViewController.swift */ = {isa = PBXFileReference; lastKnownFileType = sourcecode.swift; path = DownloadsViewController.swift; sourceTree = "<group>"; };
		8B7FBA092923AC1F007A8348 /* SearchViewController.swift */ = {isa = PBXFileReference; lastKnownFileType = sourcecode.swift; path = SearchViewController.swift; sourceTree = "<group>"; };
		8BA8EC552918C4DB00F7E246 /* netflix.app */ = {isa = PBXFileReference; explicitFileType = wrapper.application; includeInIndex = 0; path = netflix.app; sourceTree = BUILT_PRODUCTS_DIR; };
		8BA8EC582918C4DB00F7E246 /* AppDelegate.swift */ = {isa = PBXFileReference; lastKnownFileType = sourcecode.swift; path = AppDelegate.swift; sourceTree = "<group>"; };
		8BA8EC5A2918C4DB00F7E246 /* SceneDelegate.swift */ = {isa = PBXFileReference; lastKnownFileType = sourcecode.swift; path = SceneDelegate.swift; sourceTree = "<group>"; };
		8BA8EC5C2918C4DB00F7E246 /* MainTabBarViewController.swift */ = {isa = PBXFileReference; lastKnownFileType = sourcecode.swift; path = MainTabBarViewController.swift; sourceTree = "<group>"; };
		8BA8EC612918C4DC00F7E246 /* Assets.xcassets */ = {isa = PBXFileReference; lastKnownFileType = folder.assetcatalog; path = Assets.xcassets; sourceTree = "<group>"; };
		8BA8EC642918C4DC00F7E246 /* Base */ = {isa = PBXFileReference; lastKnownFileType = file.storyboard; name = Base; path = Base.lproj/LaunchScreen.storyboard; sourceTree = "<group>"; };
		8BA8EC662918C4DC00F7E246 /* Info.plist */ = {isa = PBXFileReference; lastKnownFileType = text.plist.xml; path = Info.plist; sourceTree = "<group>"; };
		8BB50A8029266CAD000BA7CB /* HeroHeaderUIView.swift */ = {isa = PBXFileReference; lastKnownFileType = sourcecode.swift; path = HeroHeaderUIView.swift; sourceTree = "<group>"; };
		8BD715B8291A7AE500AA10E9 /* CollectionViewTableViewCell.swift */ = {isa = PBXFileReference; lastKnownFileType = sourcecode.swift; path = CollectionViewTableViewCell.swift; sourceTree = "<group>"; };
/* End PBXFileReference section */

/* Begin PBXFrameworksBuildPhase section */
		8BA8EC522918C4DB00F7E246 /* Frameworks */ = {
			isa = PBXFrameworksBuildPhase;
			buildActionMask = 2147483647;
			files = (
			);
			runOnlyForDeploymentPostprocessing = 0;
		};
/* End PBXFrameworksBuildPhase section */

/* Begin PBXGroup section */
		8B355464291A3F31001D70B3 /* Controllers */ = {
			isa = PBXGroup;
			children = (
				8B355469291A3FFB001D70B3 /* UpcomingViewController.swift */,
				8B7FB9FF2923A98F007A8348 /* HomeViewController.swift */,
				8B7FBA012923A99F007A8348 /* UpcomingViewController.swift */,
				8B7FBA072923ABE3007A8348 /* DownloadsViewController.swift */,
				8B7FBA092923AC1F007A8348 /* SearchViewController.swift */,
			);
			path = Controllers;
			sourceTree = "<group>";
		};
		8BA8EC4C2918C4DB00F7E246 = {
			isa = PBXGroup;
			children = (
				8BA8EC572918C4DB00F7E246 /* netflix */,
				8BA8EC562918C4DB00F7E246 /* Products */,
			);
			sourceTree = "<group>";
		};
		8BA8EC562918C4DB00F7E246 /* Products */ = {
			isa = PBXGroup;
			children = (
				8BA8EC552918C4DB00F7E246 /* netflix.app */,
			);
			name = Products;
			sourceTree = "<group>";
		};
		8BA8EC572918C4DB00F7E246 /* netflix */ = {
			isa = PBXGroup;
			children = (
				8BD715B7291A7AB600AA10E9 /* Managers */,
				8BD715B6291A7AAB00AA10E9 /* Resources */,
				8BD715B5291A7A9500AA10E9 /* Views */,
				8BD715B3291A7A8300AA10E9 /* Models */,
				8BD715B4291A7A8900AA10E9 /* ViewModels */,
				8B355464291A3F31001D70B3 /* Controllers */,
				8BA8EC582918C4DB00F7E246 /* AppDelegate.swift */,
				8BA8EC5A2918C4DB00F7E246 /* SceneDelegate.swift */,
				8BA8EC5C2918C4DB00F7E246 /* MainTabBarViewController.swift */,
				8BA8EC612918C4DC00F7E246 /* Assets.xcassets */,
				8BA8EC632918C4DC00F7E246 /* LaunchScreen.storyboard */,
				8BA8EC662918C4DC00F7E246 /* Info.plist */,
			);
			path = netflix;
			sourceTree = "<group>";
		};
		8BD715B3291A7A8300AA10E9 /* Models */ = {
			isa = PBXGroup;
			children = (
			);
			path = Models;
			sourceTree = "<group>";
		};
		8BD715B4291A7A8900AA10E9 /* ViewModels */ = {
			isa = PBXGroup;
			children = (
			);
			path = ViewModels;
			sourceTree = "<group>";
		};
		8BD715B5291A7A9500AA10E9 /* Views */ = {
			isa = PBXGroup;
			children = (
				8BD715B8291A7AE500AA10E9 /* CollectionViewTableViewCell.swift */,
				8BB50A8029266CAD000BA7CB /* HeroHeaderUIView.swift */,
			);
			path = Views;
			sourceTree = "<group>";
		};
		8BD715B6291A7AAB00AA10E9 /* Resources */ = {
			isa = PBXGroup;
			children = (
			);
			path = Resources;
			sourceTree = "<group>";
		};
		8BD715B7291A7AB600AA10E9 /* Managers */ = {
			isa = PBXGroup;
			children = (
			);
			path = Managers;
			sourceTree = "<group>";
		};
/* End PBXGroup section */

/* Begin PBXNativeTarget section */
		8BA8EC542918C4DB00F7E246 /* netflix */ = {
			isa = PBXNativeTarget;
			buildConfigurationList = 8BA8EC692918C4DC00F7E246 /* Build configuration list for PBXNativeTarget "netflix" */;
			buildPhases = (
				8BA8EC512918C4DB00F7E246 /* Sources */,
				8BA8EC522918C4DB00F7E246 /* Frameworks */,
				8BA8EC532918C4DB00F7E246 /* Resources */,
			);
			buildRules = (
			);
			dependencies = (
			);
			name = netflix;
			productName = netflix;
			productReference = 8BA8EC552918C4DB00F7E246 /* netflix.app */;
			productType = "com.apple.product-type.application";
		};
/* End PBXNativeTarget section */

/* Begin PBXProject section */
		8BA8EC4D2918C4DB00F7E246 /* Project object */ = {
			isa = PBXProject;
			attributes = {
				BuildIndependentTargetsInParallel = 1;
				LastSwiftUpdateCheck = 1400;
				LastUpgradeCheck = 1400;
				TargetAttributes = {
					8BA8EC542918C4DB00F7E246 = {
						CreatedOnToolsVersion = 14.0;
					};
				};
			};
			buildConfigurationList = 8BA8EC502918C4DB00F7E246 /* Build configuration list for PBXProject "netflix" */;
			compatibilityVersion = "Xcode 14.0";
			developmentRegion = en;
			hasScannedForEncodings = 0;
			knownRegions = (
				en,
				Base,
			);
			mainGroup = 8BA8EC4C2918C4DB00F7E246;
			productRefGroup = 8BA8EC562918C4DB00F7E246 /* Products */;
			projectDirPath = "";
			projectRoot = "";
			targets = (
				8BA8EC542918C4DB00F7E246 /* netflix */,
			);
		};
/* End PBXProject section */

/* Begin PBXResourcesBuildPhase section */
		8BA8EC532918C4DB00F7E246 /* Resources */ = {
			isa = PBXResourcesBuildPhase;
			buildActionMask = 2147483647;
			files = (
				8BA8EC652918C4DC00F7E246 /* LaunchScreen.storyboard in Resources */,
				8BA8EC622918C4DC00F7E246 /* Assets.xcassets in Resources */,
			);
			runOnlyForDeploymentPostprocessing = 0;
		};
/* End PBXResourcesBuildPhase section */

/* Begin PBXSourcesBuildPhase section */
		8BA8EC512918C4DB00F7E246 /* Sources */ = {
			isa = PBXSourcesBuildPhase;
			buildActionMask = 2147483647;
			files = (
				8B7FBA082923ABE3007A8348 /* DownloadsViewController.swift in Sources */,
				8BB50A8129266CAD000BA7CB /* HeroHeaderUIView.swift in Sources */,
				8BA8EC5D2918C4DB00F7E246 /* MainTabBarViewController.swift in Sources */,
				8BD715B9291A7AE500AA10E9 /* CollectionViewTableViewCell.swift in Sources */,
				8B7FBA0A2923AC1F007A8348 /* SearchViewController.swift in Sources */,
				8B7FBA022923A99F007A8348 /* UpcomingViewController.swift in Sources */,
				8B7FBA002923A98F007A8348 /* HomeViewController.swift in Sources */,
				8BA8EC592918C4DB00F7E246 /* AppDelegate.swift in Sources */,
				8BA8EC5B2918C4DB00F7E246 /* SceneDelegate.swift in Sources */,
				8B35546A291A3FFB001D70B3 /* UpcomingViewController.swift in Sources */,
			);
			runOnlyForDeploymentPostprocessing = 0;
		};
/* End PBXSourcesBuildPhase section */

/* Begin PBXVariantGroup section */
		8BA8EC632918C4DC00F7E246 /* LaunchScreen.storyboard */ = {
			isa = PBXVariantGroup;
			children = (
				8BA8EC642918C4DC00F7E246 /* Base */,
			);
			name = LaunchScreen.storyboard;
			sourceTree = "<group>";
		};
/* End PBXVariantGroup section */

/* Begin XCBuildConfiguration section */
		8BA8EC672918C4DC00F7E246 /* Debug */ = {
			isa = XCBuildConfiguration;
			buildSettings = {
				ALWAYS_SEARCH_USER_PATHS = NO;
				CLANG_ANALYZER_NONNULL = YES;
				CLANG_ANALYZER_NUMBER_OBJECT_CONVERSION = YES_AGGRESSIVE;
				CLANG_CXX_LANGUAGE_STANDARD = "gnu++20";
				CLANG_ENABLE_MODULES = YES;
				CLANG_ENABLE_OBJC_ARC = YES;
				CLANG_ENABLE_OBJC_WEAK = YES;
				CLANG_WARN_BLOCK_CAPTURE_AUTORELEASING = YES;
				CLANG_WARN_BOOL_CONVERSION = YES;
				CLANG_WARN_COMMA = YES;
				CLANG_WARN_CONSTANT_CONVERSION = YES;
				CLANG_WARN_DEPRECATED_OBJC_IMPLEMENTATIONS = YES;
				CLANG_WARN_DIRECT_OBJC_ISA_USAGE = YES_ERROR;
				CLANG_WARN_DOCUMENTATION_COMMENTS = YES;
				CLANG_WARN_EMPTY_BODY = YES;
				CLANG_WARN_ENUM_CONVERSION = YES;
				CLANG_WARN_INFINITE_RECURSION = YES;
				CLANG_WARN_INT_CONVERSION = YES;
				CLANG_WARN_NON_LITERAL_NULL_CONVERSION = YES;
				CLANG_WARN_OBJC_IMPLICIT_RETAIN_SELF = YES;
				CLANG_WARN_OBJC_LITERAL_CONVERSION = YES;
				CLANG_WARN_OBJC_ROOT_CLASS = YES_ERROR;
				CLANG_WARN_QUOTED_INCLUDE_IN_FRAMEWORK_HEADER = YES;
				CLANG_WARN_RANGE_LOOP_ANALYSIS = YES;
				CLANG_WARN_STRICT_PROTOTYPES = YES;
				CLANG_WARN_SUSPICIOUS_MOVE = YES;
				CLANG_WARN_UNGUARDED_AVAILABILITY = YES_AGGRESSIVE;
				CLANG_WARN_UNREACHABLE_CODE = YES;
				CLANG_WARN__DUPLICATE_METHOD_MATCH = YES;
				COPY_PHASE_STRIP = NO;
				DEBUG_INFORMATION_FORMAT = dwarf;
				ENABLE_STRICT_OBJC_MSGSEND = YES;
				ENABLE_TESTABILITY = YES;
				GCC_C_LANGUAGE_STANDARD = gnu11;
				GCC_DYNAMIC_NO_PIC = NO;
				GCC_NO_COMMON_BLOCKS = YES;
				GCC_OPTIMIZATION_LEVEL = 0;
				GCC_PREPROCESSOR_DEFINITIONS = (
					"DEBUG=1",
					"$(inherited)",
				);
				GCC_WARN_64_TO_32_BIT_CONVERSION = YES;
				GCC_WARN_ABOUT_RETURN_TYPE = YES_ERROR;
				GCC_WARN_UNDECLARED_SELECTOR = YES;
				GCC_WARN_UNINITIALIZED_AUTOS = YES_AGGRESSIVE;
				GCC_WARN_UNUSED_FUNCTION = YES;
				GCC_WARN_UNUSED_VARIABLE = YES;
				IPHONEOS_DEPLOYMENT_TARGET = 16.0;
				MTL_ENABLE_DEBUG_INFO = INCLUDE_SOURCE;
				MTL_FAST_MATH = YES;
				ONLY_ACTIVE_ARCH = YES;
				SDKROOT = iphoneos;
				SWIFT_ACTIVE_COMPILATION_CONDITIONS = DEBUG;
				SWIFT_OPTIMIZATION_LEVEL = "-Onone";
			};
			name = Debug;
		};
		8BA8EC682918C4DC00F7E246 /* Release */ = {
			isa = XCBuildConfiguration;
			buildSettings = {
				ALWAYS_SEARCH_USER_PATHS = NO;
				CLANG_ANALYZER_NONNULL = YES;
				CLANG_ANALYZER_NUMBER_OBJECT_CONVERSION = YES_AGGRESSIVE;
				CLANG_CXX_LANGUAGE_STANDARD = "gnu++20";
				CLANG_ENABLE_MODULES = YES;
				CLANG_ENABLE_OBJC_ARC = YES;
				CLANG_ENABLE_OBJC_WEAK = YES;
				CLANG_WARN_BLOCK_CAPTURE_AUTORELEASING = YES;
				CLANG_WARN_BOOL_CONVERSION = YES;
				CLANG_WARN_COMMA = YES;
				CLANG_WARN_CONSTANT_CONVERSION = YES;
				CLANG_WARN_DEPRECATED_OBJC_IMPLEMENTATIONS = YES;
				CLANG_WARN_DIRECT_OBJC_ISA_USAGE = YES_ERROR;
				CLANG_WARN_DOCUMENTATION_COMMENTS = YES;
				CLANG_WARN_EMPTY_BODY = YES;
				CLANG_WARN_ENUM_CONVERSION = YES;
				CLANG_WARN_INFINITE_RECURSION = YES;
				CLANG_WARN_INT_CONVERSION = YES;
				CLANG_WARN_NON_LITERAL_NULL_CONVERSION = YES;
				CLANG_WARN_OBJC_IMPLICIT_RETAIN_SELF = YES;
				CLANG_WARN_OBJC_LITERAL_CONVERSION = YES;
				CLANG_WARN_OBJC_ROOT_CLASS = YES_ERROR;
				CLANG_WARN_QUOTED_INCLUDE_IN_FRAMEWORK_HEADER = YES;
				CLANG_WARN_RANGE_LOOP_ANALYSIS = YES;
				CLANG_WARN_STRICT_PROTOTYPES = YES;
				CLANG_WARN_SUSPICIOUS_MOVE = YES;
				CLANG_WARN_UNGUARDED_AVAILABILITY = YES_AGGRESSIVE;
				CLANG_WARN_UNREACHABLE_CODE = YES;
				CLANG_WARN__DUPLICATE_METHOD_MATCH = YES;
				COPY_PHASE_STRIP = NO;
				DEBUG_INFORMATION_FORMAT = "dwarf-with-dsym";
				ENABLE_NS_ASSERTIONS = NO;
				ENABLE_STRICT_OBJC_MSGSEND = YES;
				GCC_C_LANGUAGE_STANDARD = gnu11;
				GCC_NO_COMMON_BLOCKS = YES;
				GCC_WARN_64_TO_32_BIT_CONVERSION = YES;
				GCC_WARN_ABOUT_RETURN_TYPE = YES_ERROR;
				GCC_WARN_UNDECLARED_SELECTOR = YES;
				GCC_WARN_UNINITIALIZED_AUTOS = YES_AGGRESSIVE;
				GCC_WARN_UNUSED_FUNCTION = YES;
				GCC_WARN_UNUSED_VARIABLE = YES;
				IPHONEOS_DEPLOYMENT_TARGET = 16.0;
				MTL_ENABLE_DEBUG_INFO = NO;
				MTL_FAST_MATH = YES;
				SDKROOT = iphoneos;
				SWIFT_COMPILATION_MODE = wholemodule;
				SWIFT_OPTIMIZATION_LEVEL = "-O";
				VALIDATE_PRODUCT = YES;
			};
			name = Release;
		};
		8BA8EC6A2918C4DC00F7E246 /* Debug */ = {
			isa = XCBuildConfiguration;
			buildSettings = {
				ASSETCATALOG_COMPILER_APPICON_NAME = AppIcon;
				ASSETCATALOG_COMPILER_GLOBAL_ACCENT_COLOR_NAME = AccentColor;
				CODE_SIGN_STYLE = Automatic;
				CURRENT_PROJECT_VERSION = 1;
				DEVELOPMENT_TEAM = 73DJK9R2PB;
				GENERATE_INFOPLIST_FILE = YES;
				INFOPLIST_FILE = netflix/Info.plist;
				INFOPLIST_KEY_UIApplicationSupportsIndirectInputEvents = YES;
				INFOPLIST_KEY_UILaunchStoryboardName = LaunchScreen;
				INFOPLIST_KEY_UISupportedInterfaceOrientations_iPad = "UIInterfaceOrientationPortrait UIInterfaceOrientationPortraitUpsideDown UIInterfaceOrientationLandscapeLeft UIInterfaceOrientationLandscapeRight";
				INFOPLIST_KEY_UISupportedInterfaceOrientations_iPhone = "UIInterfaceOrientationPortrait UIInterfaceOrientationLandscapeLeft UIInterfaceOrientationLandscapeRight";
				LD_RUNPATH_SEARCH_PATHS = (
					"$(inherited)",
					"@executable_path/Frameworks",
				);
				MARKETING_VERSION = 1.0;
				PRODUCT_BUNDLE_IDENTIFIER = safarslife.netflix;
				PRODUCT_NAME = "$(TARGET_NAME)";
				SWIFT_EMIT_LOC_STRINGS = YES;
				SWIFT_VERSION = 5.0;
				TARGETED_DEVICE_FAMILY = "1,2";
			};
			name = Debug;
		};
		8BA8EC6B2918C4DC00F7E246 /* Release */ = {
			isa = XCBuildConfiguration;
			buildSettings = {
				ASSETCATALOG_COMPILER_APPICON_NAME = AppIcon;
				ASSETCATALOG_COMPILER_GLOBAL_ACCENT_COLOR_NAME = AccentColor;
				CODE_SIGN_STYLE = Automatic;
				CURRENT_PROJECT_VERSION = 1;
				DEVELOPMENT_TEAM = 73DJK9R2PB;
				GENERATE_INFOPLIST_FILE = YES;
				INFOPLIST_FILE = netflix/Info.plist;
				INFOPLIST_KEY_UIApplicationSupportsIndirectInputEvents = YES;
				INFOPLIST_KEY_UILaunchStoryboardName = LaunchScreen;
				INFOPLIST_KEY_UISupportedInterfaceOrientations_iPad = "UIInterfaceOrientationPortrait UIInterfaceOrientationPortraitUpsideDown UIInterfaceOrientationLandscapeLeft UIInterfaceOrientationLandscapeRight";
				INFOPLIST_KEY_UISupportedInterfaceOrientations_iPhone = "UIInterfaceOrientationPortrait UIInterfaceOrientationLandscapeLeft UIInterfaceOrientationLandscapeRight";
				LD_RUNPATH_SEARCH_PATHS = (
					"$(inherited)",
					"@executable_path/Frameworks",
				);
				MARKETING_VERSION = 1.0;
				PRODUCT_BUNDLE_IDENTIFIER = safarslife.netflix;
				PRODUCT_NAME = "$(TARGET_NAME)";
				SWIFT_EMIT_LOC_STRINGS = YES;
				SWIFT_VERSION = 5.0;
				TARGETED_DEVICE_FAMILY = "1,2";
			};
			name = Release;
		};
/* End XCBuildConfiguration section */

/* Begin XCConfigurationList section */
		8BA8EC502918C4DB00F7E246 /* Build configuration list for PBXProject "netflix" */ = {
			isa = XCConfigurationList;
			buildConfigurations = (
				8BA8EC672918C4DC00F7E246 /* Debug */,
				8BA8EC682918C4DC00F7E246 /* Release */,
			);
			defaultConfigurationIsVisible = 0;
			defaultConfigurationName = Release;
		};
		8BA8EC692918C4DC00F7E246 /* Build configuration list for PBXNativeTarget "netflix" */ = {
			isa = XCConfigurationList;
			buildConfigurations = (
				8BA8EC6A2918C4DC00F7E246 /* Debug */,
				8BA8EC6B2918C4DC00F7E246 /* Release */,
			);
			defaultConfigurationIsVisible = 0;
			defaultConfigurationName = Release;
		};
/* End XCConfigurationList section */
	};
	rootObject = 8BA8EC4D2918C4DB00F7E246 /* Project object */;
}
